// !$*UTF8*$!
{
	archiveVersion = 1;
	classes = {
	};
	objectVersion = 50;
	objects = {

/* Begin PBXBuildFile section */
		1617E9B7245161990039CEF5 /* renderer.cxx in Sources */ = {isa = PBXBuildFile; fileRef = 1617E9B5245161990039CEF5 /* renderer.cxx */; };
		1617E9BC245161F20039CEF5 /* macros.cxx in Sources */ = {isa = PBXBuildFile; fileRef = 1617E9BA245161F20039CEF5 /* macros.cxx */; };
		1617E9BF2451643E0039CEF5 /* vertex_buffer.cxx in Sources */ = {isa = PBXBuildFile; fileRef = 1617E9BD2451643E0039CEF5 /* vertex_buffer.cxx */; };
		1617E9C2245167090039CEF5 /* index_buffer.cxx in Sources */ = {isa = PBXBuildFile; fileRef = 1617E9C0245167090039CEF5 /* index_buffer.cxx */; };
		1688B9722443AB19001D2F2E /* main.cxx in Sources */ = {isa = PBXBuildFile; fileRef = 1688B9712443AB19001D2F2E /* main.cxx */; };
		1688B97A2443AB4D001D2F2E /* OpenGL.framework in Frameworks */ = {isa = PBXBuildFile; fileRef = 1688B9792443AB4D001D2F2E /* OpenGL.framework */; };
		1688B97C2443ABCC001D2F2E /* libGLEW.2.1.0.dylib in Frameworks */ = {isa = PBXBuildFile; fileRef = 1688B97B2443ABCC001D2F2E /* libGLEW.2.1.0.dylib */; };
		1688B97E2443ABDD001D2F2E /* libglfw.3.3.dylib in Frameworks */ = {isa = PBXBuildFile; fileRef = 1688B97D2443ABDD001D2F2E /* libglfw.3.3.dylib */; };
		16901C702454C10B00F04869 /* vertex_array.cxx in Sources */ = {isa = PBXBuildFile; fileRef = 16901C6E2454C10B00F04869 /* vertex_array.cxx */; };
		16901C732454C21E00F04869 /* vertex_buffer_layout.cxx in Sources */ = {isa = PBXBuildFile; fileRef = 16901C712454C21D00F04869 /* vertex_buffer_layout.cxx */; };
/* End PBXBuildFile section */

/* Begin PBXCopyFilesBuildPhase section */
		1688B96C2443AB19001D2F2E /* CopyFiles */ = {
			isa = PBXCopyFilesBuildPhase;
			buildActionMask = 2147483647;
			dstPath = /usr/share/man/man1/;
			dstSubfolderSpec = 0;
			files = (
			);
			runOnlyForDeploymentPostprocessing = 1;
		};
/* End PBXCopyFilesBuildPhase section */

/* Begin PBXFileReference section */
		1617E9B5245161990039CEF5 /* renderer.cxx */ = {isa = PBXFileReference; lastKnownFileType = sourcecode.cpp.cpp; path = renderer.cxx; sourceTree = "<group>"; };
		1617E9B6245161990039CEF5 /* renderer.h */ = {isa = PBXFileReference; lastKnownFileType = sourcecode.c.h; path = renderer.h; sourceTree = "<group>"; };
		1617E9BA245161F20039CEF5 /* macros.cxx */ = {isa = PBXFileReference; lastKnownFileType = sourcecode.cpp.cpp; path = macros.cxx; sourceTree = "<group>"; };
		1617E9BB245161F20039CEF5 /* macros.h */ = {isa = PBXFileReference; lastKnownFileType = sourcecode.c.h; path = macros.h; sourceTree = "<group>"; };
		1617E9BD2451643E0039CEF5 /* vertex_buffer.cxx */ = {isa = PBXFileReference; lastKnownFileType = sourcecode.cpp.cpp; path = vertex_buffer.cxx; sourceTree = "<group>"; };
		1617E9BE2451643E0039CEF5 /* vertex_buffer.h */ = {isa = PBXFileReference; lastKnownFileType = sourcecode.c.h; path = vertex_buffer.h; sourceTree = "<group>"; };
		1617E9C0245167090039CEF5 /* index_buffer.cxx */ = {isa = PBXFileReference; fileEncoding = 4; lastKnownFileType = sourcecode.cpp.cpp; path = index_buffer.cxx; sourceTree = "<group>"; };
		1617E9C1245167090039CEF5 /* index_buffer.h */ = {isa = PBXFileReference; fileEncoding = 4; lastKnownFileType = sourcecode.c.h; path = index_buffer.h; sourceTree = "<group>"; };
		1688B96E2443AB19001D2F2E /* opengl-template */ = {isa = PBXFileReference; explicitFileType = "compiled.mach-o.executable"; includeInIndex = 0; path = "opengl-template"; sourceTree = BUILT_PRODUCTS_DIR; };
		1688B9712443AB19001D2F2E /* main.cxx */ = {isa = PBXFileReference; lastKnownFileType = sourcecode.cpp.cpp; path = main.cxx; sourceTree = "<group>"; };
		1688B9792443AB4D001D2F2E /* OpenGL.framework */ = {isa = PBXFileReference; lastKnownFileType = wrapper.framework; name = OpenGL.framework; path = System/Library/Frameworks/OpenGL.framework; sourceTree = SDKROOT; };
		1688B97B2443ABCC001D2F2E /* libGLEW.2.1.0.dylib */ = {isa = PBXFileReference; lastKnownFileType = "compiled.mach-o.dylib"; name = libGLEW.2.1.0.dylib; path = ../../../../usr/local/Cellar/glew/2.1.0_1/lib/libGLEW.2.1.0.dylib; sourceTree = "<group>"; };
		1688B97D2443ABDD001D2F2E /* libglfw.3.3.dylib */ = {isa = PBXFileReference; lastKnownFileType = "compiled.mach-o.dylib"; name = libglfw.3.3.dylib; path = ../../../../usr/local/Cellar/glfw/3.3.2/lib/libglfw.3.3.dylib; sourceTree = "<group>"; };
		16901C6E2454C10B00F04869 /* vertex_array.cxx */ = {isa = PBXFileReference; lastKnownFileType = sourcecode.cpp.cpp; name = vertex_array.cxx; path = "opengl-template/vertex_array.cxx"; sourceTree = SOURCE_ROOT; };
		16901C6F2454C10B00F04869 /* vertex_array.h */ = {isa = PBXFileReference; lastKnownFileType = sourcecode.c.h; name = vertex_array.h; path = "opengl-template/vertex_array.h"; sourceTree = SOURCE_ROOT; };
		16901C712454C21D00F04869 /* vertex_buffer_layout.cxx */ = {isa = PBXFileReference; fileEncoding = 4; lastKnownFileType = sourcecode.cpp.cpp; path = vertex_buffer_layout.cxx; sourceTree = "<group>"; };
		16901C722454C21D00F04869 /* vertex_buffer_layout.h */ = {isa = PBXFileReference; fileEncoding = 4; lastKnownFileType = sourcecode.c.h; path = vertex_buffer_layout.h; sourceTree = "<group>"; };
		16C4B12B244E25830034309B /* basic.glsl */ = {isa = PBXFileReference; lastKnownFileType = text; path = basic.glsl; sourceTree = "<group>"; };
/* End PBXFileReference section */

/* Begin PBXFrameworksBuildPhase section */
		1688B96B2443AB19001D2F2E /* Frameworks */ = {
			isa = PBXFrameworksBuildPhase;
			buildActionMask = 2147483647;
			files = (
				1688B97E2443ABDD001D2F2E /* libglfw.3.3.dylib in Frameworks */,
				1688B97C2443ABCC001D2F2E /* libGLEW.2.1.0.dylib in Frameworks */,
				1688B97A2443AB4D001D2F2E /* OpenGL.framework in Frameworks */,
			);
			runOnlyForDeploymentPostprocessing = 0;
		};
/* End PBXFrameworksBuildPhase section */

/* Begin PBXGroup section */
		1688B9652443AB19001D2F2E = {
			isa = PBXGroup;
			children = (
				1688B9702443AB19001D2F2E /* opengl-template */,
				1688B96F2443AB19001D2F2E /* Products */,
				1688B9782443AB4D001D2F2E /* Frameworks */,
			);
			sourceTree = "<group>";
		};
		1688B96F2443AB19001D2F2E /* Products */ = {
			isa = PBXGroup;
			children = (
				1688B96E2443AB19001D2F2E /* opengl-template */,
			);
			name = Products;
			sourceTree = "<group>";
		};
		1688B9702443AB19001D2F2E /* opengl-template */ = {
			isa = PBXGroup;
			children = (
				16C4B12A244E255F0034309B /* shaders */,
				1688B9712443AB19001D2F2E /* main.cxx */,
				1617E9B5245161990039CEF5 /* renderer.cxx */,
				1617E9B6245161990039CEF5 /* renderer.h */,
				1617E9BB245161F20039CEF5 /* macros.h */,
				1617E9BA245161F20039CEF5 /* macros.cxx */,
				1617E9C1245167090039CEF5 /* index_buffer.h */,
				1617E9C0245167090039CEF5 /* index_buffer.cxx */,
				1617E9BE2451643E0039CEF5 /* vertex_buffer.h */,
				1617E9BD2451643E0039CEF5 /* vertex_buffer.cxx */,
				16901C722454C21D00F04869 /* vertex_buffer_layout.h */,
				16901C712454C21D00F04869 /* vertex_buffer_layout.cxx */,
				16901C6F2454C10B00F04869 /* vertex_array.h */,
				16901C6E2454C10B00F04869 /* vertex_array.cxx */,
			);
			path = "opengl-template";
			sourceTree = "<group>";
		};
		1688B9782443AB4D001D2F2E /* Frameworks */ = {
			isa = PBXGroup;
			children = (
				1688B97D2443ABDD001D2F2E /* libglfw.3.3.dylib */,
				1688B97B2443ABCC001D2F2E /* libGLEW.2.1.0.dylib */,
				1688B9792443AB4D001D2F2E /* OpenGL.framework */,
			);
			name = Frameworks;
			sourceTree = "<group>";
		};
		16C4B12A244E255F0034309B /* shaders */ = {
			isa = PBXGroup;
			children = (
				16C4B12B244E25830034309B /* basic.glsl */,
			);
			path = shaders;
			sourceTree = "<group>";
		};
/* End PBXGroup section */

/* Begin PBXNativeTarget section */
		1688B96D2443AB19001D2F2E /* opengl-template */ = {
			isa = PBXNativeTarget;
			buildConfigurationList = 1688B9752443AB19001D2F2E /* Build configuration list for PBXNativeTarget "opengl-template" */;
			buildPhases = (
				1688B96A2443AB19001D2F2E /* Sources */,
				1688B96B2443AB19001D2F2E /* Frameworks */,
				1688B96C2443AB19001D2F2E /* CopyFiles */,
			);
			buildRules = (
			);
			dependencies = (
			);
			name = "opengl-template";
			productName = "opengl-template";
			productReference = 1688B96E2443AB19001D2F2E /* opengl-template */;
			productType = "com.apple.product-type.tool";
		};
/* End PBXNativeTarget section */

/* Begin PBXProject section */
		1688B9662443AB19001D2F2E /* Project object */ = {
			isa = PBXProject;
			attributes = {
				LastUpgradeCheck = 1130;
				ORGANIZATIONNAME = "Alex Usbergo";
				TargetAttributes = {
					1688B96D2443AB19001D2F2E = {
						CreatedOnToolsVersion = 11.3.1;
					};
				};
			};
			buildConfigurationList = 1688B9692443AB19001D2F2E /* Build configuration list for PBXProject "opengl-template" */;
			compatibilityVersion = "Xcode 9.3";
			developmentRegion = en;
			hasScannedForEncodings = 0;
			knownRegions = (
				en,
				Base,
			);
			mainGroup = 1688B9652443AB19001D2F2E;
			productRefGroup = 1688B96F2443AB19001D2F2E /* Products */;
			projectDirPath = "";
			projectRoot = "";
			targets = (
				1688B96D2443AB19001D2F2E /* opengl-template */,
			);
		};
/* End PBXProject section */

/* Begin PBXSourcesBuildPhase section */
		1688B96A2443AB19001D2F2E /* Sources */ = {
			isa = PBXSourcesBuildPhase;
			buildActionMask = 2147483647;
			files = (
				1617E9B7245161990039CEF5 /* renderer.cxx in Sources */,
				16901C702454C10B00F04869 /* vertex_array.cxx in Sources */,
				16901C732454C21E00F04869 /* vertex_buffer_layout.cxx in Sources */,
				1617E9BF2451643E0039CEF5 /* vertex_buffer.cxx in Sources */,
				1617E9C2245167090039CEF5 /* index_buffer.cxx in Sources */,
				1617E9BC245161F20039CEF5 /* macros.cxx in Sources */,
				1688B9722443AB19001D2F2E /* main.cxx in Sources */,
			);
			runOnlyForDeploymentPostprocessing = 0;
		};
/* End PBXSourcesBuildPhase section */

/* Begin XCBuildConfiguration section */
		1688B9732443AB19001D2F2E /* Debug */ = {
			isa = XCBuildConfiguration;
			buildSettings = {
				ALWAYS_SEARCH_USER_PATHS = NO;
				CLANG_ANALYZER_NONNULL = YES;
				CLANG_ANALYZER_NUMBER_OBJECT_CONVERSION = YES_AGGRESSIVE;
				CLANG_CXX_LANGUAGE_STANDARD = "gnu++14";
				CLANG_CXX_LIBRARY = "libc++";
				CLANG_ENABLE_MODULES = YES;
				CLANG_ENABLE_OBJC_ARC = YES;
				CLANG_ENABLE_OBJC_WEAK = YES;
				CLANG_WARN_BLOCK_CAPTURE_AUTORELEASING = YES;
				CLANG_WARN_BOOL_CONVERSION = YES;
				CLANG_WARN_COMMA = YES;
				CLANG_WARN_CONSTANT_CONVERSION = YES;
				CLANG_WARN_DEPRECATED_OBJC_IMPLEMENTATIONS = YES;
				CLANG_WARN_DIRECT_OBJC_ISA_USAGE = YES_ERROR;
				CLANG_WARN_DOCUMENTATION_COMMENTS = YES;
				CLANG_WARN_EMPTY_BODY = YES;
				CLANG_WARN_ENUM_CONVERSION = YES;
				CLANG_WARN_INFINITE_RECURSION = YES;
				CLANG_WARN_INT_CONVERSION = YES;
				CLANG_WARN_NON_LITERAL_NULL_CONVERSION = YES;
				CLANG_WARN_OBJC_IMPLICIT_RETAIN_SELF = YES;
				CLANG_WARN_OBJC_LITERAL_CONVERSION = YES;
				CLANG_WARN_OBJC_ROOT_CLASS = YES_ERROR;
				CLANG_WARN_RANGE_LOOP_ANALYSIS = YES;
				CLANG_WARN_STRICT_PROTOTYPES = YES;
				CLANG_WARN_SUSPICIOUS_MOVE = YES;
				CLANG_WARN_UNGUARDED_AVAILABILITY = YES_AGGRESSIVE;
				CLANG_WARN_UNREACHABLE_CODE = YES;
				CLANG_WARN__DUPLICATE_METHOD_MATCH = YES;
				COPY_PHASE_STRIP = NO;
				DEBUG_INFORMATION_FORMAT = dwarf;
				ENABLE_STRICT_OBJC_MSGSEND = YES;
				ENABLE_TESTABILITY = YES;
				GCC_C_LANGUAGE_STANDARD = gnu11;
				GCC_DYNAMIC_NO_PIC = NO;
				GCC_NO_COMMON_BLOCKS = YES;
				GCC_OPTIMIZATION_LEVEL = 0;
				GCC_PREPROCESSOR_DEFINITIONS = (
					"DEBUG=1",
					"$(inherited)",
				);
				GCC_WARN_64_TO_32_BIT_CONVERSION = YES;
				GCC_WARN_ABOUT_RETURN_TYPE = YES_ERROR;
				GCC_WARN_UNDECLARED_SELECTOR = YES;
				GCC_WARN_UNINITIALIZED_AUTOS = YES_AGGRESSIVE;
				GCC_WARN_UNUSED_FUNCTION = YES;
				GCC_WARN_UNUSED_VARIABLE = YES;
				MACOSX_DEPLOYMENT_TARGET = 10.15;
				MTL_ENABLE_DEBUG_INFO = INCLUDE_SOURCE;
				MTL_FAST_MATH = YES;
				ONLY_ACTIVE_ARCH = YES;
				SDKROOT = macosx;
			};
			name = Debug;
		};
		1688B9742443AB19001D2F2E /* Release */ = {
			isa = XCBuildConfiguration;
			buildSettings = {
				ALWAYS_SEARCH_USER_PATHS = NO;
				CLANG_ANALYZER_NONNULL = YES;
				CLANG_ANALYZER_NUMBER_OBJECT_CONVERSION = YES_AGGRESSIVE;
				CLANG_CXX_LANGUAGE_STANDARD = "gnu++14";
				CLANG_CXX_LIBRARY = "libc++";
				CLANG_ENABLE_MODULES = YES;
				CLANG_ENABLE_OBJC_ARC = YES;
				CLANG_ENABLE_OBJC_WEAK = YES;
				CLANG_WARN_BLOCK_CAPTURE_AUTORELEASING = YES;
				CLANG_WARN_BOOL_CONVERSION = YES;
				CLANG_WARN_COMMA = YES;
				CLANG_WARN_CONSTANT_CONVERSION = YES;
				CLANG_WARN_DEPRECATED_OBJC_IMPLEMENTATIONS = YES;
				CLANG_WARN_DIRECT_OBJC_ISA_USAGE = YES_ERROR;
				CLANG_WARN_DOCUMENTATION_COMMENTS = YES;
				CLANG_WARN_EMPTY_BODY = YES;
				CLANG_WARN_ENUM_CONVERSION = YES;
				CLANG_WARN_INFINITE_RECURSION = YES;
				CLANG_WARN_INT_CONVERSION = YES;
				CLANG_WARN_NON_LITERAL_NULL_CONVERSION = YES;
				CLANG_WARN_OBJC_IMPLICIT_RETAIN_SELF = YES;
				CLANG_WARN_OBJC_LITERAL_CONVERSION = YES;
				CLANG_WARN_OBJC_ROOT_CLASS = YES_ERROR;
				CLANG_WARN_RANGE_LOOP_ANALYSIS = YES;
				CLANG_WARN_STRICT_PROTOTYPES = YES;
				CLANG_WARN_SUSPICIOUS_MOVE = YES;
				CLANG_WARN_UNGUARDED_AVAILABILITY = YES_AGGRESSIVE;
				CLANG_WARN_UNREACHABLE_CODE = YES;
				CLANG_WARN__DUPLICATE_METHOD_MATCH = YES;
				COPY_PHASE_STRIP = NO;
				DEBUG_INFORMATION_FORMAT = "dwarf-with-dsym";
				ENABLE_NS_ASSERTIONS = NO;
				ENABLE_STRICT_OBJC_MSGSEND = YES;
				GCC_C_LANGUAGE_STANDARD = gnu11;
				GCC_NO_COMMON_BLOCKS = YES;
				GCC_WARN_64_TO_32_BIT_CONVERSION = YES;
				GCC_WARN_ABOUT_RETURN_TYPE = YES_ERROR;
				GCC_WARN_UNDECLARED_SELECTOR = YES;
				GCC_WARN_UNINITIALIZED_AUTOS = YES_AGGRESSIVE;
				GCC_WARN_UNUSED_FUNCTION = YES;
				GCC_WARN_UNUSED_VARIABLE = YES;
				MACOSX_DEPLOYMENT_TARGET = 10.15;
				MTL_ENABLE_DEBUG_INFO = NO;
				MTL_FAST_MATH = YES;
				SDKROOT = macosx;
			};
			name = Release;
		};
		1688B9762443AB19001D2F2E /* Debug */ = {
			isa = XCBuildConfiguration;
			buildSettings = {
				CODE_SIGN_STYLE = Automatic;
				HEADER_SEARCH_PATHS = /usr/local/include;
				LIBRARY_SEARCH_PATHS = (
					"$(inherited)",
					/usr/local/Cellar/glew/2.1.0_1/lib,
					/usr/local/Cellar/glfw/3.3.2/lib,
				);
				PRODUCT_NAME = "$(TARGET_NAME)";
			};
			name = Debug;
		};
		1688B9772443AB19001D2F2E /* Release */ = {
			isa = XCBuildConfiguration;
			buildSettings = {
				CODE_SIGN_STYLE = Automatic;
				HEADER_SEARCH_PATHS = /usr/local/include;
				LIBRARY_SEARCH_PATHS = (
					"$(inherited)",
					/usr/local/Cellar/glew/2.1.0_1/lib,
					/usr/local/Cellar/glfw/3.3.2/lib,
				);
				PRODUCT_NAME = "$(TARGET_NAME)";
			};
			name = Release;
		};
/* End XCBuildConfiguration section */

/* Begin XCConfigurationList section */
		1688B9692443AB19001D2F2E /* Build configuration list for PBXProject "opengl-template" */ = {
			isa = XCConfigurationList;
			buildConfigurations = (
				1688B9732443AB19001D2F2E /* Debug */,
				1688B9742443AB19001D2F2E /* Release */,
			);
			defaultConfigurationIsVisible = 0;
			defaultConfigurationName = Release;
		};
		1688B9752443AB19001D2F2E /* Build configuration list for PBXNativeTarget "opengl-template" */ = {
			isa = XCConfigurationList;
			buildConfigurations = (
				1688B9762443AB19001D2F2E /* Debug */,
				1688B9772443AB19001D2F2E /* Release */,
			);
			defaultConfigurationIsVisible = 0;
			defaultConfigurationName = Release;
		};
/* End XCConfigurationList section */
	};
	rootObject = 1688B9662443AB19001D2F2E /* Project object */;
}
